// !$*UTF8*$!
{
	archiveVersion = 1;
	classes = {
	};
	objectVersion = 56;
	objects = {

/* Begin PBXBuildFile section */
		060559CF28DB6DE200CB1EA4 /* hangmanApp.swift in Sources */ = {isa = PBXBuildFile; fileRef = 060559CE28DB6DE200CB1EA4 /* hangmanApp.swift */; };
		060559D128DB6DE200CB1EA4 /* HangmanView.swift in Sources */ = {isa = PBXBuildFile; fileRef = 060559D028DB6DE200CB1EA4 /* HangmanView.swift */; };
		060559D328DB6DE300CB1EA4 /* Assets.xcassets in Resources */ = {isa = PBXBuildFile; fileRef = 060559D228DB6DE300CB1EA4 /* Assets.xcassets */; };
		060559D628DB6DE300CB1EA4 /* Preview Assets.xcassets in Resources */ = {isa = PBXBuildFile; fileRef = 060559D528DB6DE300CB1EA4 /* Preview Assets.xcassets */; };
		060559E028DB6DE300CB1EA4 /* hangmanTests.swift in Sources */ = {isa = PBXBuildFile; fileRef = 060559DF28DB6DE300CB1EA4 /* hangmanTests.swift */; };
		060559EA28DB6DE300CB1EA4 /* hangmanUITests.swift in Sources */ = {isa = PBXBuildFile; fileRef = 060559E928DB6DE300CB1EA4 /* hangmanUITests.swift */; };
		060559EC28DB6DE300CB1EA4 /* hangmanUITestsLaunchTests.swift in Sources */ = {isa = PBXBuildFile; fileRef = 060559EB28DB6DE300CB1EA4 /* hangmanUITestsLaunchTests.swift */; };
		060559F928DB6E1600CB1EA4 /* HangmanGame.swift in Sources */ = {isa = PBXBuildFile; fileRef = 060559F828DB6E1600CB1EA4 /* HangmanGame.swift */; };
		060559FA28DB6E1600CB1EA4 /* HangmanGame.swift in Sources */ = {isa = PBXBuildFile; fileRef = 060559F828DB6E1600CB1EA4 /* HangmanGame.swift */; };
		060E1411290095F90075024A /* HangmanWords.swift in Sources */ = {isa = PBXBuildFile; fileRef = 060E1410290095F90075024A /* HangmanWords.swift */; };
		066BBBCA28E8645700D017F3 /* GetWord.swift in Sources */ = {isa = PBXBuildFile; fileRef = 066BBBC928E8645700D017F3 /* GetWord.swift */; };
		06BD61062900319000C2E559 /* hangmanViewModel.swift in Sources */ = {isa = PBXBuildFile; fileRef = 06BD61052900319000C2E559 /* hangmanViewModel.swift */; };
		06BD610829003B5600C2E559 /* HangmanViewModelTests.swift in Sources */ = {isa = PBXBuildFile; fileRef = 06BD610729003B5600C2E559 /* HangmanViewModelTests.swift */; };
		06C9928E2912B17E007321E2 /* AvailableLettersView.swift in Sources */ = {isa = PBXBuildFile; fileRef = 06C9928D2912B17E007321E2 /* AvailableLettersView.swift */; };
		06C992902912B8DF007321E2 /* WonView.swift in Sources */ = {isa = PBXBuildFile; fileRef = 06C9928F2912B8DF007321E2 /* WonView.swift */; };
		06C992922912B90F007321E2 /* LostView.swift in Sources */ = {isa = PBXBuildFile; fileRef = 06C992912912B90F007321E2 /* LostView.swift */; };
		06C992942912BA39007321E2 /* GameView.swift in Sources */ = {isa = PBXBuildFile; fileRef = 06C992932912BA39007321E2 /* GameView.swift */; };
		06C992962912BAD8007321E2 /* Theme.swift in Sources */ = {isa = PBXBuildFile; fileRef = 06C992952912BAD8007321E2 /* Theme.swift */; };
		06F521032905D83F002B3008 /* common-7-letter-words.txt in Resources */ = {isa = PBXBuildFile; fileRef = 06F521022905D83F002B3008 /* common-7-letter-words.txt */; };
		06F6020828F1BF0100F35D56 /* Gallows.swift in Sources */ = {isa = PBXBuildFile; fileRef = 06F6020728F1BF0100F35D56 /* Gallows.swift */; };
/* End PBXBuildFile section */

/* Begin PBXContainerItemProxy section */
		060559DC28DB6DE300CB1EA4 /* PBXContainerItemProxy */ = {
			isa = PBXContainerItemProxy;
			containerPortal = 060559C328DB6DE200CB1EA4 /* Project object */;
			proxyType = 1;
			remoteGlobalIDString = 060559CA28DB6DE200CB1EA4;
			remoteInfo = hangman;
		};
		060559E628DB6DE300CB1EA4 /* PBXContainerItemProxy */ = {
			isa = PBXContainerItemProxy;
			containerPortal = 060559C328DB6DE200CB1EA4 /* Project object */;
			proxyType = 1;
			remoteGlobalIDString = 060559CA28DB6DE200CB1EA4;
			remoteInfo = hangman;
		};
/* End PBXContainerItemProxy section */

/* Begin PBXFileReference section */
		060559CB28DB6DE200CB1EA4 /* hangman.app */ = {isa = PBXFileReference; explicitFileType = wrapper.application; includeInIndex = 0; path = hangman.app; sourceTree = BUILT_PRODUCTS_DIR; };
		060559CE28DB6DE200CB1EA4 /* hangmanApp.swift */ = {isa = PBXFileReference; lastKnownFileType = sourcecode.swift; path = hangmanApp.swift; sourceTree = "<group>"; };
		060559D028DB6DE200CB1EA4 /* HangmanView.swift */ = {isa = PBXFileReference; lastKnownFileType = sourcecode.swift; path = HangmanView.swift; sourceTree = "<group>"; };
		060559D228DB6DE300CB1EA4 /* Assets.xcassets */ = {isa = PBXFileReference; lastKnownFileType = folder.assetcatalog; path = Assets.xcassets; sourceTree = "<group>"; };
		060559D528DB6DE300CB1EA4 /* Preview Assets.xcassets */ = {isa = PBXFileReference; lastKnownFileType = folder.assetcatalog; path = "Preview Assets.xcassets"; sourceTree = "<group>"; };
		060559DB28DB6DE300CB1EA4 /* hangmanTests.xctest */ = {isa = PBXFileReference; explicitFileType = wrapper.cfbundle; includeInIndex = 0; path = hangmanTests.xctest; sourceTree = BUILT_PRODUCTS_DIR; };
		060559DF28DB6DE300CB1EA4 /* hangmanTests.swift */ = {isa = PBXFileReference; lastKnownFileType = sourcecode.swift; path = hangmanTests.swift; sourceTree = "<group>"; };
		060559E528DB6DE300CB1EA4 /* hangmanUITests.xctest */ = {isa = PBXFileReference; explicitFileType = wrapper.cfbundle; includeInIndex = 0; path = hangmanUITests.xctest; sourceTree = BUILT_PRODUCTS_DIR; };
		060559E928DB6DE300CB1EA4 /* hangmanUITests.swift */ = {isa = PBXFileReference; lastKnownFileType = sourcecode.swift; path = hangmanUITests.swift; sourceTree = "<group>"; };
		060559EB28DB6DE300CB1EA4 /* hangmanUITestsLaunchTests.swift */ = {isa = PBXFileReference; lastKnownFileType = sourcecode.swift; path = hangmanUITestsLaunchTests.swift; sourceTree = "<group>"; };
		060559F828DB6E1600CB1EA4 /* HangmanGame.swift */ = {isa = PBXFileReference; fileEncoding = 4; lastKnownFileType = sourcecode.swift; path = HangmanGame.swift; sourceTree = "<group>"; };
		060E1410290095F90075024A /* HangmanWords.swift */ = {isa = PBXFileReference; lastKnownFileType = sourcecode.swift; path = HangmanWords.swift; sourceTree = "<group>"; };
		066BBBC928E8645700D017F3 /* GetWord.swift */ = {isa = PBXFileReference; lastKnownFileType = sourcecode.swift; path = GetWord.swift; sourceTree = "<group>"; };
		06BD61052900319000C2E559 /* hangmanViewModel.swift */ = {isa = PBXFileReference; lastKnownFileType = sourcecode.swift; path = hangmanViewModel.swift; sourceTree = "<group>"; };
		06BD610729003B5600C2E559 /* HangmanViewModelTests.swift */ = {isa = PBXFileReference; lastKnownFileType = sourcecode.swift; path = HangmanViewModelTests.swift; sourceTree = "<group>"; };
		06C9928D2912B17E007321E2 /* AvailableLettersView.swift */ = {isa = PBXFileReference; lastKnownFileType = sourcecode.swift; path = AvailableLettersView.swift; sourceTree = "<group>"; };
		06C9928F2912B8DF007321E2 /* WonView.swift */ = {isa = PBXFileReference; lastKnownFileType = sourcecode.swift; path = WonView.swift; sourceTree = "<group>"; };
		06C992912912B90F007321E2 /* LostView.swift */ = {isa = PBXFileReference; lastKnownFileType = sourcecode.swift; path = LostView.swift; sourceTree = "<group>"; };
		06C992932912BA39007321E2 /* GameView.swift */ = {isa = PBXFileReference; lastKnownFileType = sourcecode.swift; path = GameView.swift; sourceTree = "<group>"; };
		06C992952912BAD8007321E2 /* Theme.swift */ = {isa = PBXFileReference; lastKnownFileType = sourcecode.swift; path = Theme.swift; sourceTree = "<group>"; };
		06F521022905D83F002B3008 /* common-7-letter-words.txt */ = {isa = PBXFileReference; fileEncoding = 4; lastKnownFileType = text; path = "common-7-letter-words.txt"; sourceTree = "<group>"; };
		06F6020728F1BF0100F35D56 /* Gallows.swift */ = {isa = PBXFileReference; lastKnownFileType = sourcecode.swift; path = Gallows.swift; sourceTree = "<group>"; };
/* End PBXFileReference section */

/* Begin PBXFrameworksBuildPhase section */
		060559C828DB6DE200CB1EA4 /* Frameworks */ = {
			isa = PBXFrameworksBuildPhase;
			buildActionMask = 2147483647;
			files = (
			);
			runOnlyForDeploymentPostprocessing = 0;
		};
		060559D828DB6DE300CB1EA4 /* Frameworks */ = {
			isa = PBXFrameworksBuildPhase;
			buildActionMask = 2147483647;
			files = (
			);
			runOnlyForDeploymentPostprocessing = 0;
		};
		060559E228DB6DE300CB1EA4 /* Frameworks */ = {
			isa = PBXFrameworksBuildPhase;
			buildActionMask = 2147483647;
			files = (
			);
			runOnlyForDeploymentPostprocessing = 0;
		};
/* End PBXFrameworksBuildPhase section */

/* Begin PBXGroup section */
		060559C228DB6DE200CB1EA4 = {
			isa = PBXGroup;
			children = (
				060559CD28DB6DE200CB1EA4 /* hangman */,
				060559DE28DB6DE300CB1EA4 /* hangmanTests */,
				060559E828DB6DE300CB1EA4 /* hangmanUITests */,
				060559CC28DB6DE200CB1EA4 /* Products */,
			);
			sourceTree = "<group>";
		};
		060559CC28DB6DE200CB1EA4 /* Products */ = {
			isa = PBXGroup;
			children = (
				060559CB28DB6DE200CB1EA4 /* hangman.app */,
				060559DB28DB6DE300CB1EA4 /* hangmanTests.xctest */,
				060559E528DB6DE300CB1EA4 /* hangmanUITests.xctest */,
			);
			name = Products;
			sourceTree = "<group>";
		};
		060559CD28DB6DE200CB1EA4 /* hangman */ = {
			isa = PBXGroup;
			children = (
				060559CE28DB6DE200CB1EA4 /* hangmanApp.swift */,
				060559D028DB6DE200CB1EA4 /* HangmanView.swift */,
				06C992952912BAD8007321E2 /* Theme.swift */,
				06C992932912BA39007321E2 /* GameView.swift */,
				06C992912912B90F007321E2 /* LostView.swift */,
				06C9928F2912B8DF007321E2 /* WonView.swift */,
				06C9928D2912B17E007321E2 /* AvailableLettersView.swift */,
				06F6020728F1BF0100F35D56 /* Gallows.swift */,
				06F521022905D83F002B3008 /* common-7-letter-words.txt */,
				066BBBC928E8645700D017F3 /* GetWord.swift */,
				060E1410290095F90075024A /* HangmanWords.swift */,
				06BD61052900319000C2E559 /* hangmanViewModel.swift */,
				060559F828DB6E1600CB1EA4 /* HangmanGame.swift */,
				060559D228DB6DE300CB1EA4 /* Assets.xcassets */,
				060559D428DB6DE300CB1EA4 /* Preview Content */,
			);
			path = hangman;
			sourceTree = "<group>";
		};
		060559D428DB6DE300CB1EA4 /* Preview Content */ = {
			isa = PBXGroup;
			children = (
				060559D528DB6DE300CB1EA4 /* Preview Assets.xcassets */,
			);
			path = "Preview Content";
			sourceTree = "<group>";
		};
		060559DE28DB6DE300CB1EA4 /* hangmanTests */ = {
			isa = PBXGroup;
			children = (
				060559DF28DB6DE300CB1EA4 /* hangmanTests.swift */,
				06BD610729003B5600C2E559 /* HangmanViewModelTests.swift */,
			);
			path = hangmanTests;
			sourceTree = "<group>";
		};
		060559E828DB6DE300CB1EA4 /* hangmanUITests */ = {
			isa = PBXGroup;
			children = (
				060559E928DB6DE300CB1EA4 /* hangmanUITests.swift */,
				060559EB28DB6DE300CB1EA4 /* hangmanUITestsLaunchTests.swift */,
			);
			path = hangmanUITests;
			sourceTree = "<group>";
		};
/* End PBXGroup section */

/* Begin PBXNativeTarget section */
		060559CA28DB6DE200CB1EA4 /* hangman */ = {
			isa = PBXNativeTarget;
			buildConfigurationList = 060559EF28DB6DE300CB1EA4 /* Build configuration list for PBXNativeTarget "hangman" */;
			buildPhases = (
				060559C728DB6DE200CB1EA4 /* Sources */,
				060559C828DB6DE200CB1EA4 /* Frameworks */,
				060559C928DB6DE200CB1EA4 /* Resources */,
			);
			buildRules = (
			);
			dependencies = (
			);
			name = hangman;
			productName = hangman;
			productReference = 060559CB28DB6DE200CB1EA4 /* hangman.app */;
			productType = "com.apple.product-type.application";
		};
		060559DA28DB6DE300CB1EA4 /* hangmanTests */ = {
			isa = PBXNativeTarget;
			buildConfigurationList = 060559F228DB6DE300CB1EA4 /* Build configuration list for PBXNativeTarget "hangmanTests" */;
			buildPhases = (
				060559D728DB6DE300CB1EA4 /* Sources */,
				060559D828DB6DE300CB1EA4 /* Frameworks */,
				060559D928DB6DE300CB1EA4 /* Resources */,
			);
			buildRules = (
			);
			dependencies = (
				060559DD28DB6DE300CB1EA4 /* PBXTargetDependency */,
			);
			name = hangmanTests;
			productName = hangmanTests;
			productReference = 060559DB28DB6DE300CB1EA4 /* hangmanTests.xctest */;
			productType = "com.apple.product-type.bundle.unit-test";
		};
		060559E428DB6DE300CB1EA4 /* hangmanUITests */ = {
			isa = PBXNativeTarget;
			buildConfigurationList = 060559F528DB6DE300CB1EA4 /* Build configuration list for PBXNativeTarget "hangmanUITests" */;
			buildPhases = (
				060559E128DB6DE300CB1EA4 /* Sources */,
				060559E228DB6DE300CB1EA4 /* Frameworks */,
				060559E328DB6DE300CB1EA4 /* Resources */,
			);
			buildRules = (
			);
			dependencies = (
				060559E728DB6DE300CB1EA4 /* PBXTargetDependency */,
			);
			name = hangmanUITests;
			productName = hangmanUITests;
			productReference = 060559E528DB6DE300CB1EA4 /* hangmanUITests.xctest */;
			productType = "com.apple.product-type.bundle.ui-testing";
		};
/* End PBXNativeTarget section */

/* Begin PBXProject section */
		060559C328DB6DE200CB1EA4 /* Project object */ = {
			isa = PBXProject;
			attributes = {
				BuildIndependentTargetsInParallel = 1;
				LastSwiftUpdateCheck = 1400;
				LastUpgradeCheck = 1400;
				TargetAttributes = {
					060559CA28DB6DE200CB1EA4 = {
						CreatedOnToolsVersion = 14.0;
					};
					060559DA28DB6DE300CB1EA4 = {
						CreatedOnToolsVersion = 14.0;
						TestTargetID = 060559CA28DB6DE200CB1EA4;
					};
					060559E428DB6DE300CB1EA4 = {
						CreatedOnToolsVersion = 14.0;
						TestTargetID = 060559CA28DB6DE200CB1EA4;
					};
				};
			};
			buildConfigurationList = 060559C628DB6DE200CB1EA4 /* Build configuration list for PBXProject "hangman" */;
			compatibilityVersion = "Xcode 14.0";
			developmentRegion = en;
			hasScannedForEncodings = 0;
			knownRegions = (
				en,
				Base,
			);
			mainGroup = 060559C228DB6DE200CB1EA4;
			productRefGroup = 060559CC28DB6DE200CB1EA4 /* Products */;
			projectDirPath = "";
			projectRoot = "";
			targets = (
				060559CA28DB6DE200CB1EA4 /* hangman */,
				060559DA28DB6DE300CB1EA4 /* hangmanTests */,
				060559E428DB6DE300CB1EA4 /* hangmanUITests */,
			);
		};
/* End PBXProject section */

/* Begin PBXResourcesBuildPhase section */
		060559C928DB6DE200CB1EA4 /* Resources */ = {
			isa = PBXResourcesBuildPhase;
			buildActionMask = 2147483647;
			files = (
				060559D628DB6DE300CB1EA4 /* Preview Assets.xcassets in Resources */,
				060559D328DB6DE300CB1EA4 /* Assets.xcassets in Resources */,
				06F521032905D83F002B3008 /* common-7-letter-words.txt in Resources */,
			);
			runOnlyForDeploymentPostprocessing = 0;
		};
		060559D928DB6DE300CB1EA4 /* Resources */ = {
			isa = PBXResourcesBuildPhase;
			buildActionMask = 2147483647;
			files = (
			);
			runOnlyForDeploymentPostprocessing = 0;
		};
		060559E328DB6DE300CB1EA4 /* Resources */ = {
			isa = PBXResourcesBuildPhase;
			buildActionMask = 2147483647;
			files = (
			);
			runOnlyForDeploymentPostprocessing = 0;
		};
/* End PBXResourcesBuildPhase section */

/* Begin PBXSourcesBuildPhase section */
		060559C728DB6DE200CB1EA4 /* Sources */ = {
			isa = PBXSourcesBuildPhase;
			buildActionMask = 2147483647;
			files = (
				06C992922912B90F007321E2 /* LostView.swift in Sources */,
				060E1411290095F90075024A /* HangmanWords.swift in Sources */,
				060559D128DB6DE200CB1EA4 /* HangmanView.swift in Sources */,
				060559F928DB6E1600CB1EA4 /* HangmanGame.swift in Sources */,
				060559CF28DB6DE200CB1EA4 /* hangmanApp.swift in Sources */,
				06C992942912BA39007321E2 /* GameView.swift in Sources */,
				06C9928E2912B17E007321E2 /* AvailableLettersView.swift in Sources */,
				06C992902912B8DF007321E2 /* WonView.swift in Sources */,
				066BBBCA28E8645700D017F3 /* GetWord.swift in Sources */,
				06C992962912BAD8007321E2 /* Theme.swift in Sources */,
				06F6020828F1BF0100F35D56 /* Gallows.swift in Sources */,
				06BD61062900319000C2E559 /* hangmanViewModel.swift in Sources */,
			);
			runOnlyForDeploymentPostprocessing = 0;
		};
		060559D728DB6DE300CB1EA4 /* Sources */ = {
			isa = PBXSourcesBuildPhase;
			buildActionMask = 2147483647;
			files = (
				060559FA28DB6E1600CB1EA4 /* HangmanGame.swift in Sources */,
				060559E028DB6DE300CB1EA4 /* hangmanTests.swift in Sources */,
				06BD610829003B5600C2E559 /* HangmanViewModelTests.swift in Sources */,
			);
			runOnlyForDeploymentPostprocessing = 0;
		};
		060559E128DB6DE300CB1EA4 /* Sources */ = {
			isa = PBXSourcesBuildPhase;
			buildActionMask = 2147483647;
			files = (
				060559EA28DB6DE300CB1EA4 /* hangmanUITests.swift in Sources */,
				060559EC28DB6DE300CB1EA4 /* hangmanUITestsLaunchTests.swift in Sources */,
			);
			runOnlyForDeploymentPostprocessing = 0;
		};
/* End PBXSourcesBuildPhase section */

/* Begin PBXTargetDependency section */
		060559DD28DB6DE300CB1EA4 /* PBXTargetDependency */ = {
			isa = PBXTargetDependency;
			target = 060559CA28DB6DE200CB1EA4 /* hangman */;
			targetProxy = 060559DC28DB6DE300CB1EA4 /* PBXContainerItemProxy */;
		};
		060559E728DB6DE300CB1EA4 /* PBXTargetDependency */ = {
			isa = PBXTargetDependency;
			target = 060559CA28DB6DE200CB1EA4 /* hangman */;
			targetProxy = 060559E628DB6DE300CB1EA4 /* PBXContainerItemProxy */;
		};
/* End PBXTargetDependency section */

/* Begin XCBuildConfiguration section */
		060559ED28DB6DE300CB1EA4 /* Debug */ = {
			isa = XCBuildConfiguration;
			buildSettings = {
				ALWAYS_SEARCH_USER_PATHS = NO;
				CLANG_ANALYZER_NONNULL = YES;
				CLANG_ANALYZER_NUMBER_OBJECT_CONVERSION = YES_AGGRESSIVE;
				CLANG_CXX_LANGUAGE_STANDARD = "gnu++20";
				CLANG_ENABLE_MODULES = YES;
				CLANG_ENABLE_OBJC_ARC = YES;
				CLANG_ENABLE_OBJC_WEAK = YES;
				CLANG_WARN_BLOCK_CAPTURE_AUTORELEASING = YES;
				CLANG_WARN_BOOL_CONVERSION = YES;
				CLANG_WARN_COMMA = YES;
				CLANG_WARN_CONSTANT_CONVERSION = YES;
				CLANG_WARN_DEPRECATED_OBJC_IMPLEMENTATIONS = YES;
				CLANG_WARN_DIRECT_OBJC_ISA_USAGE = YES_ERROR;
				CLANG_WARN_DOCUMENTATION_COMMENTS = YES;
				CLANG_WARN_EMPTY_BODY = YES;
				CLANG_WARN_ENUM_CONVERSION = YES;
				CLANG_WARN_INFINITE_RECURSION = YES;
				CLANG_WARN_INT_CONVERSION = YES;
				CLANG_WARN_NON_LITERAL_NULL_CONVERSION = YES;
				CLANG_WARN_OBJC_IMPLICIT_RETAIN_SELF = YES;
				CLANG_WARN_OBJC_LITERAL_CONVERSION = YES;
				CLANG_WARN_OBJC_ROOT_CLASS = YES_ERROR;
				CLANG_WARN_QUOTED_INCLUDE_IN_FRAMEWORK_HEADER = YES;
				CLANG_WARN_RANGE_LOOP_ANALYSIS = YES;
				CLANG_WARN_STRICT_PROTOTYPES = YES;
				CLANG_WARN_SUSPICIOUS_MOVE = YES;
				CLANG_WARN_UNGUARDED_AVAILABILITY = YES_AGGRESSIVE;
				CLANG_WARN_UNREACHABLE_CODE = YES;
				CLANG_WARN__DUPLICATE_METHOD_MATCH = YES;
				COPY_PHASE_STRIP = NO;
				DEBUG_INFORMATION_FORMAT = dwarf;
				ENABLE_STRICT_OBJC_MSGSEND = YES;
				ENABLE_TESTABILITY = YES;
				GCC_C_LANGUAGE_STANDARD = gnu11;
				GCC_DYNAMIC_NO_PIC = NO;
				GCC_NO_COMMON_BLOCKS = YES;
				GCC_OPTIMIZATION_LEVEL = 0;
				GCC_PREPROCESSOR_DEFINITIONS = (
					"DEBUG=1",
					"$(inherited)",
				);
				GCC_WARN_64_TO_32_BIT_CONVERSION = YES;
				GCC_WARN_ABOUT_RETURN_TYPE = YES_ERROR;
				GCC_WARN_UNDECLARED_SELECTOR = YES;
				GCC_WARN_UNINITIALIZED_AUTOS = YES_AGGRESSIVE;
				GCC_WARN_UNUSED_FUNCTION = YES;
				GCC_WARN_UNUSED_VARIABLE = YES;
				IPHONEOS_DEPLOYMENT_TARGET = 16.0;
				MTL_ENABLE_DEBUG_INFO = INCLUDE_SOURCE;
				MTL_FAST_MATH = YES;
				ONLY_ACTIVE_ARCH = YES;
				SDKROOT = iphoneos;
				SWIFT_ACTIVE_COMPILATION_CONDITIONS = DEBUG;
				SWIFT_OPTIMIZATION_LEVEL = "-Onone";
			};
			name = Debug;
		};
		060559EE28DB6DE300CB1EA4 /* Release */ = {
			isa = XCBuildConfiguration;
			buildSettings = {
				ALWAYS_SEARCH_USER_PATHS = NO;
				CLANG_ANALYZER_NONNULL = YES;
				CLANG_ANALYZER_NUMBER_OBJECT_CONVERSION = YES_AGGRESSIVE;
				CLANG_CXX_LANGUAGE_STANDARD = "gnu++20";
				CLANG_ENABLE_MODULES = YES;
				CLANG_ENABLE_OBJC_ARC = YES;
				CLANG_ENABLE_OBJC_WEAK = YES;
				CLANG_WARN_BLOCK_CAPTURE_AUTORELEASING = YES;
				CLANG_WARN_BOOL_CONVERSION = YES;
				CLANG_WARN_COMMA = YES;
				CLANG_WARN_CONSTANT_CONVERSION = YES;
				CLANG_WARN_DEPRECATED_OBJC_IMPLEMENTATIONS = YES;
				CLANG_WARN_DIRECT_OBJC_ISA_USAGE = YES_ERROR;
				CLANG_WARN_DOCUMENTATION_COMMENTS = YES;
				CLANG_WARN_EMPTY_BODY = YES;
				CLANG_WARN_ENUM_CONVERSION = YES;
				CLANG_WARN_INFINITE_RECURSION = YES;
				CLANG_WARN_INT_CONVERSION = YES;
				CLANG_WARN_NON_LITERAL_NULL_CONVERSION = YES;
				CLANG_WARN_OBJC_IMPLICIT_RETAIN_SELF = YES;
				CLANG_WARN_OBJC_LITERAL_CONVERSION = YES;
				CLANG_WARN_OBJC_ROOT_CLASS = YES_ERROR;
				CLANG_WARN_QUOTED_INCLUDE_IN_FRAMEWORK_HEADER = YES;
				CLANG_WARN_RANGE_LOOP_ANALYSIS = YES;
				CLANG_WARN_STRICT_PROTOTYPES = YES;
				CLANG_WARN_SUSPICIOUS_MOVE = YES;
				CLANG_WARN_UNGUARDED_AVAILABILITY = YES_AGGRESSIVE;
				CLANG_WARN_UNREACHABLE_CODE = YES;
				CLANG_WARN__DUPLICATE_METHOD_MATCH = YES;
				COPY_PHASE_STRIP = NO;
				DEBUG_INFORMATION_FORMAT = "dwarf-with-dsym";
				ENABLE_NS_ASSERTIONS = NO;
				ENABLE_STRICT_OBJC_MSGSEND = YES;
				GCC_C_LANGUAGE_STANDARD = gnu11;
				GCC_NO_COMMON_BLOCKS = YES;
				GCC_WARN_64_TO_32_BIT_CONVERSION = YES;
				GCC_WARN_ABOUT_RETURN_TYPE = YES_ERROR;
				GCC_WARN_UNDECLARED_SELECTOR = YES;
				GCC_WARN_UNINITIALIZED_AUTOS = YES_AGGRESSIVE;
				GCC_WARN_UNUSED_FUNCTION = YES;
				GCC_WARN_UNUSED_VARIABLE = YES;
				IPHONEOS_DEPLOYMENT_TARGET = 16.0;
				MTL_ENABLE_DEBUG_INFO = NO;
				MTL_FAST_MATH = YES;
				SDKROOT = iphoneos;
				SWIFT_COMPILATION_MODE = wholemodule;
				SWIFT_OPTIMIZATION_LEVEL = "-O";
				VALIDATE_PRODUCT = YES;
			};
			name = Release;
		};
		060559F028DB6DE300CB1EA4 /* Debug */ = {
			isa = XCBuildConfiguration;
			buildSettings = {
				ASSETCATALOG_COMPILER_APPICON_NAME = AppIcon;
				ASSETCATALOG_COMPILER_GLOBAL_ACCENT_COLOR_NAME = AccentColor;
				CODE_SIGN_STYLE = Automatic;
				CURRENT_PROJECT_VERSION = 1;
				DEVELOPMENT_ASSET_PATHS = "\"hangman/Preview Content\"";
				DEVELOPMENT_TEAM = 7A93H6S6B6;
				ENABLE_PREVIEWS = YES;
				GENERATE_INFOPLIST_FILE = YES;
				INFOPLIST_KEY_UIApplicationSceneManifest_Generation = YES;
				INFOPLIST_KEY_UIApplicationSupportsIndirectInputEvents = YES;
				INFOPLIST_KEY_UILaunchScreen_Generation = YES;
				INFOPLIST_KEY_UISupportedInterfaceOrientations_iPad = "UIInterfaceOrientationPortrait UIInterfaceOrientationPortraitUpsideDown UIInterfaceOrientationLandscapeLeft UIInterfaceOrientationLandscapeRight";
				INFOPLIST_KEY_UISupportedInterfaceOrientations_iPhone = "UIInterfaceOrientationPortrait UIInterfaceOrientationLandscapeLeft UIInterfaceOrientationLandscapeRight";
				LD_RUNPATH_SEARCH_PATHS = (
					"$(inherited)",
					"@executable_path/Frameworks",
				);
				MARKETING_VERSION = 1.0;
				PRODUCT_BUNDLE_IDENTIFIER = net.cargal.verdel.hangman;
				PRODUCT_NAME = "$(TARGET_NAME)";
				SWIFT_EMIT_LOC_STRINGS = YES;
				SWIFT_VERSION = 5.0;
				TARGETED_DEVICE_FAMILY = "1,2";
			};
			name = Debug;
		};
		060559F128DB6DE300CB1EA4 /* Release */ = {
			isa = XCBuildConfiguration;
			buildSettings = {
				ASSETCATALOG_COMPILER_APPICON_NAME = AppIcon;
				ASSETCATALOG_COMPILER_GLOBAL_ACCENT_COLOR_NAME = AccentColor;
				CODE_SIGN_STYLE = Automatic;
				CURRENT_PROJECT_VERSION = 1;
				DEVELOPMENT_ASSET_PATHS = "\"hangman/Preview Content\"";
				DEVELOPMENT_TEAM = 7A93H6S6B6;
				ENABLE_PREVIEWS = YES;
				GENERATE_INFOPLIST_FILE = YES;
				INFOPLIST_KEY_UIApplicationSceneManifest_Generation = YES;
				INFOPLIST_KEY_UIApplicationSupportsIndirectInputEvents = YES;
				INFOPLIST_KEY_UILaunchScreen_Generation = YES;
				INFOPLIST_KEY_UISupportedInterfaceOrientations_iPad = "UIInterfaceOrientationPortrait UIInterfaceOrientationPortraitUpsideDown UIInterfaceOrientationLandscapeLeft UIInterfaceOrientationLandscapeRight";
				INFOPLIST_KEY_UISupportedInterfaceOrientations_iPhone = "UIInterfaceOrientationPortrait UIInterfaceOrientationLandscapeLeft UIInterfaceOrientationLandscapeRight";
				LD_RUNPATH_SEARCH_PATHS = (
					"$(inherited)",
					"@executable_path/Frameworks",
				);
				MARKETING_VERSION = 1.0;
				PRODUCT_BUNDLE_IDENTIFIER = net.cargal.verdel.hangman;
				PRODUCT_NAME = "$(TARGET_NAME)";
				SWIFT_EMIT_LOC_STRINGS = YES;
				SWIFT_VERSION = 5.0;
				TARGETED_DEVICE_FAMILY = "1,2";
			};
			name = Release;
		};
		060559F328DB6DE300CB1EA4 /* Debug */ = {
			isa = XCBuildConfiguration;
			buildSettings = {
				ALWAYS_EMBED_SWIFT_STANDARD_LIBRARIES = YES;
				BUNDLE_LOADER = "$(TEST_HOST)";
				CODE_SIGN_STYLE = Automatic;
				CURRENT_PROJECT_VERSION = 1;
				DEVELOPMENT_TEAM = 7A93H6S6B6;
				GENERATE_INFOPLIST_FILE = YES;
				IPHONEOS_DEPLOYMENT_TARGET = 16.0;
				MARKETING_VERSION = 1.0;
				PRODUCT_BUNDLE_IDENTIFIER = net.cargal.verdel.hangmanTests;
				PRODUCT_NAME = "$(TARGET_NAME)";
				SWIFT_EMIT_LOC_STRINGS = NO;
				SWIFT_VERSION = 5.0;
				TARGETED_DEVICE_FAMILY = "1,2";
				TEST_HOST = "$(BUILT_PRODUCTS_DIR)/hangman.app/$(BUNDLE_EXECUTABLE_FOLDER_PATH)/hangman";
			};
			name = Debug;
		};
		060559F428DB6DE300CB1EA4 /* Release */ = {
			isa = XCBuildConfiguration;
			buildSettings = {
				ALWAYS_EMBED_SWIFT_STANDARD_LIBRARIES = YES;
				BUNDLE_LOADER = "$(TEST_HOST)";
				CODE_SIGN_STYLE = Automatic;
				CURRENT_PROJECT_VERSION = 1;
				DEVELOPMENT_TEAM = 7A93H6S6B6;
				GENERATE_INFOPLIST_FILE = YES;
				IPHONEOS_DEPLOYMENT_TARGET = 16.0;
				MARKETING_VERSION = 1.0;
				PRODUCT_BUNDLE_IDENTIFIER = net.cargal.verdel.hangmanTests;
				PRODUCT_NAME = "$(TARGET_NAME)";
				SWIFT_EMIT_LOC_STRINGS = NO;
				SWIFT_VERSION = 5.0;
				TARGETED_DEVICE_FAMILY = "1,2";
				TEST_HOST = "$(BUILT_PRODUCTS_DIR)/hangman.app/$(BUNDLE_EXECUTABLE_FOLDER_PATH)/hangman";
			};
			name = Release;
		};
		060559F628DB6DE300CB1EA4 /* Debug */ = {
			isa = XCBuildConfiguration;
			buildSettings = {
				ALWAYS_EMBED_SWIFT_STANDARD_LIBRARIES = YES;
				CODE_SIGN_STYLE = Automatic;
				CURRENT_PROJECT_VERSION = 1;
				DEVELOPMENT_TEAM = 7A93H6S6B6;
				GENERATE_INFOPLIST_FILE = YES;
				MARKETING_VERSION = 1.0;
				PRODUCT_BUNDLE_IDENTIFIER = net.cargal.verdel.hangmanUITests;
				PRODUCT_NAME = "$(TARGET_NAME)";
				SWIFT_EMIT_LOC_STRINGS = NO;
				SWIFT_VERSION = 5.0;
				TARGETED_DEVICE_FAMILY = "1,2";
				TEST_TARGET_NAME = hangman;
			};
			name = Debug;
		};
		060559F728DB6DE300CB1EA4 /* Release */ = {
			isa = XCBuildConfiguration;
			buildSettings = {
				ALWAYS_EMBED_SWIFT_STANDARD_LIBRARIES = YES;
				CODE_SIGN_STYLE = Automatic;
				CURRENT_PROJECT_VERSION = 1;
				DEVELOPMENT_TEAM = 7A93H6S6B6;
				GENERATE_INFOPLIST_FILE = YES;
				MARKETING_VERSION = 1.0;
				PRODUCT_BUNDLE_IDENTIFIER = net.cargal.verdel.hangmanUITests;
				PRODUCT_NAME = "$(TARGET_NAME)";
				SWIFT_EMIT_LOC_STRINGS = NO;
				SWIFT_VERSION = 5.0;
				TARGETED_DEVICE_FAMILY = "1,2";
				TEST_TARGET_NAME = hangman;
			};
			name = Release;
		};
/* End XCBuildConfiguration section */

/* Begin XCConfigurationList section */
		060559C628DB6DE200CB1EA4 /* Build configuration list for PBXProject "hangman" */ = {
			isa = XCConfigurationList;
			buildConfigurations = (
				060559ED28DB6DE300CB1EA4 /* Debug */,
				060559EE28DB6DE300CB1EA4 /* Release */,
			);
			defaultConfigurationIsVisible = 0;
			defaultConfigurationName = Release;
		};
		060559EF28DB6DE300CB1EA4 /* Build configuration list for PBXNativeTarget "hangman" */ = {
			isa = XCConfigurationList;
			buildConfigurations = (
				060559F028DB6DE300CB1EA4 /* Debug */,
				060559F128DB6DE300CB1EA4 /* Release */,
			);
			defaultConfigurationIsVisible = 0;
			defaultConfigurationName = Release;
		};
		060559F228DB6DE300CB1EA4 /* Build configuration list for PBXNativeTarget "hangmanTests" */ = {
			isa = XCConfigurationList;
			buildConfigurations = (
				060559F328DB6DE300CB1EA4 /* Debug */,
				060559F428DB6DE300CB1EA4 /* Release */,
			);
			defaultConfigurationIsVisible = 0;
			defaultConfigurationName = Release;
		};
		060559F528DB6DE300CB1EA4 /* Build configuration list for PBXNativeTarget "hangmanUITests" */ = {
			isa = XCConfigurationList;
			buildConfigurations = (
				060559F628DB6DE300CB1EA4 /* Debug */,
				060559F728DB6DE300CB1EA4 /* Release */,
			);
			defaultConfigurationIsVisible = 0;
			defaultConfigurationName = Release;
		};
/* End XCConfigurationList section */
	};
	rootObject = 060559C328DB6DE200CB1EA4 /* Project object */;
}
